
Microsoft Visual Studio Solution File, Format Version 12.00
# Visual Studio 15
VisualStudioVersion = 15.0.27130.2036
MinimumVisualStudioVersion = 10.0.40219.1
Project("{8BC9CEB8-8B4A-11D0-8D11-00A0C91BC942}") = "Hybrid", "Hybrid\Hybrid.vcxproj", "{79E91355-F792-4118-A590-1CEA66DD79EF}"
EndProject
Global
	GlobalSection(SolutionConfigurationPlatforms) = preSolution
		Debug|x64 = Debug|x64
		Debug|x86 = Debug|x86
		Release|x64 = Release|x64
		Release|x86 = Release|x86
	EndGlobalSection
	GlobalSection(ProjectConfigurationPlatforms) = postSolution
		{79E91355-F792-4118-A590-1CEA66DD79EF}.Debug|x64.ActiveCfg = Debug|x64
		{79E91355-F792-4118-A590-1CEA66DD79EF}.Debug|x64.Build.0 = Debug|x64
		{79E91355-F792-4118-A590-1CEA66DD79EF}.Debug|x86.ActiveCfg = Debug|Win32
		{79E91355-F792-4118-A590-1CEA66DD79EF}.Debug|x86.Build.0 = Debug|Win32
		{79E91355-F792-4118-A590-1CEA66DD79EF}.Release|x64.ActiveCfg = Release|x64
		{79E91355-F792-4118-A590-1CEA66DD79EF}.Release|x64.Build.0 = Release|x64
		{79E91355-F792-4118-A590-1CEA66DD79EF}.Release|x86.ActiveCfg = Release|Win32
		{79E91355-F792-4118-A590-1CEA66DD79EF}.Release|x86.Build.0 = Release|Win32
	EndGlobalSection
	GlobalSection(SolutionProperties) = preSolution
		HideSolutionNode = FALSE
	EndGlobalSection
	GlobalSection(ExtensibilityGlobals) = postSolution
		SolutionGuid = {479C0E01-1DB0-4FEC-B3A4-34AC97873B30}
	EndGlobalSection
EndGlobal
